
Microsoft Visual Studio Solution File, Format Version 12.00
# Visual Studio Version 17
VisualStudioVersion = 17.3.32929.385
MinimumVisualStudioVersion = 10.0.40219.1
Project("{9A19103F-16F7-4668-BE54-9A1E7A4F7556}") = "mitoSoft.Picture.FileRenamer", "mitoSoft.Picture.FileRenamer\mitoSoft.Picture.FileRenamer.csproj", "{2F1CBDDC-7D7F-4BC3-BCDE-0D4C14E21164}"
EndProject
Project("{FAE04EC0-301F-11D3-BF4B-00C04F79EFBC}") = "mitoSoft.Common.Media", "mitoSoft.Common.Media\mitoSoft.Common.Media.csproj", "{200D85A0-E608-4874-90DB-C6846E6A9E87}"
EndProject
Global
	GlobalSection(SolutionConfigurationPlatforms) = preSolution
		Debug|Any CPU = Debug|Any CPU
		Release|Any CPU = Release|Any CPU
	EndGlobalSection
	GlobalSection(ProjectConfigurationPlatforms) = postSolution
		{2F1CBDDC-7D7F-4BC3-BCDE-0D4C14E21164}.Debug|Any CPU.ActiveCfg = Debug|Any CPU
		{2F1CBDDC-7D7F-4BC3-BCDE-0D4C14E21164}.Debug|Any CPU.Build.0 = Debug|Any CPU
		{2F1CBDDC-7D7F-4BC3-BCDE-0D4C14E21164}.Release|Any CPU.ActiveCfg = Release|Any CPU
		{2F1CBDDC-7D7F-4BC3-BCDE-0D4C14E21164}.Release|Any CPU.Build.0 = Release|Any CPU
		{200D85A0-E608-4874-90DB-C6846E6A9E87}.Debug|Any CPU.ActiveCfg = Debug|Any CPU
		{200D85A0-E608-4874-90DB-C6846E6A9E87}.Debug|Any CPU.Build.0 = Debug|Any CPU
		{200D85A0-E608-4874-90DB-C6846E6A9E87}.Release|Any CPU.ActiveCfg = Release|Any CPU
		{200D85A0-E608-4874-90DB-C6846E6A9E87}.Release|Any CPU.Build.0 = Release|Any CPU
	EndGlobalSection
	GlobalSection(SolutionProperties) = preSolution
		HideSolutionNode = FALSE
	EndGlobalSection
	GlobalSection(ExtensibilityGlobals) = postSolution
		SolutionGuid = {5E752984-3808-4DF5-AB2F-275B68E3B775}
	EndGlobalSection
EndGlobal
